// !$*UTF8*$!
{
	archiveVersion = 1;
	classes = {
	};
	objectVersion = 46;
	objects = {

/* Begin PBXBuildFile section */
		702C913C1920087400DED60B /* ELImagePickerController.m in Sources */ = {isa = PBXBuildFile; fileRef = 702C913B1920087400DED60B /* ELImagePickerController.m */; };
		705CC6CF191F72820076FAC7 /* ELThirdViewController.m in Sources */ = {isa = PBXBuildFile; fileRef = 705CC6CE191F72820076FAC7 /* ELThirdViewController.m */; };
		705CC6D2191F78610076FAC7 /* ELConstants.m in Sources */ = {isa = PBXBuildFile; fileRef = 705CC6D1191F78610076FAC7 /* ELConstants.m */; };
		705CC6D5191F7AF90076FAC7 /* ELFourthViewController.m in Sources */ = {isa = PBXBuildFile; fileRef = 705CC6D4191F7AF90076FAC7 /* ELFourthViewController.m */; };
		705CC6D8191F7DE00076FAC7 /* ELFifthViewController.m in Sources */ = {isa = PBXBuildFile; fileRef = 705CC6D7191F7DE00076FAC7 /* ELFifthViewController.m */; };
		705CC6DB191F7FF80076FAC7 /* ELSeventhViewController.m in Sources */ = {isa = PBXBuildFile; fileRef = 705CC6DA191F7FF80076FAC7 /* ELSeventhViewController.m */; };
		705CC6DE191F83610076FAC7 /* ELEighthViewController.m in Sources */ = {isa = PBXBuildFile; fileRef = 705CC6DD191F83610076FAC7 /* ELEighthViewController.m */; };
		705CC6E1191F86BB0076FAC7 /* ELNinthViewController.m in Sources */ = {isa = PBXBuildFile; fileRef = 705CC6E0191F86BB0076FAC7 /* ELNinthViewController.m */; };
		705CC6E4191F88A00076FAC7 /* ELTenthViewController.m in Sources */ = {isa = PBXBuildFile; fileRef = 705CC6E3191F88A00076FAC7 /* ELTenthViewController.m */; };
		705CC6E7191F8A380076FAC7 /* ELEleventhViewController.m in Sources */ = {isa = PBXBuildFile; fileRef = 705CC6E6191F8A380076FAC7 /* ELEleventhViewController.m */; };
		705CC6EA191F8BE30076FAC7 /* CustomButton.m in Sources */ = {isa = PBXBuildFile; fileRef = 705CC6E9191F8BE30076FAC7 /* CustomButton.m */; };
		705CC6ED191F8CE90076FAC7 /* ELTwelfthViewController.m in Sources */ = {isa = PBXBuildFile; fileRef = 705CC6EC191F8CE90076FAC7 /* ELTwelfthViewController.m */; };
		705CC6EF191FA4FC0076FAC7 /* MessageUI.framework in Frameworks */ = {isa = PBXBuildFile; fileRef = 705CC6EE191FA4FC0076FAC7 /* MessageUI.framework */; };
		7080D6E8191C0ACD00DC4040 /* Foundation.framework in Frameworks */ = {isa = PBXBuildFile; fileRef = 7080D6E7191C0ACD00DC4040 /* Foundation.framework */; };
		7080D6EA191C0ACD00DC4040 /* CoreGraphics.framework in Frameworks */ = {isa = PBXBuildFile; fileRef = 7080D6E9191C0ACD00DC4040 /* CoreGraphics.framework */; };
		7080D6EC191C0ACD00DC4040 /* UIKit.framework in Frameworks */ = {isa = PBXBuildFile; fileRef = 7080D6EB191C0ACD00DC4040 /* UIKit.framework */; };
		7080D6F2191C0ACD00DC4040 /* InfoPlist.strings in Resources */ = {isa = PBXBuildFile; fileRef = 7080D6F0191C0ACD00DC4040 /* InfoPlist.strings */; };
		7080D6F4191C0ACD00DC4040 /* main.m in Sources */ = {isa = PBXBuildFile; fileRef = 7080D6F3191C0ACD00DC4040 /* main.m */; };
		7080D6F8191C0ACD00DC4040 /* ELAppDelegate.m in Sources */ = {isa = PBXBuildFile; fileRef = 7080D6F7191C0ACD00DC4040 /* ELAppDelegate.m */; };
		7080D6FB191C0ACD00DC4040 /* Main.storyboard in Resources */ = {isa = PBXBuildFile; fileRef = 7080D6F9191C0ACD00DC4040 /* Main.storyboard */; };
		7080D6FE191C0ACD00DC4040 /* ELFirstViewController.m in Sources */ = {isa = PBXBuildFile; fileRef = 7080D6FD191C0ACD00DC4040 /* ELFirstViewController.m */; };
		7080D701191C0ACD00DC4040 /* ELSecondViewController.m in Sources */ = {isa = PBXBuildFile; fileRef = 7080D700191C0ACD00DC4040 /* ELSecondViewController.m */; };
		7080D703191C0ACD00DC4040 /* Images.xcassets in Resources */ = {isa = PBXBuildFile; fileRef = 7080D702191C0ACD00DC4040 /* Images.xcassets */; };
		7080D70A191C0ACD00DC4040 /* XCTest.framework in Frameworks */ = {isa = PBXBuildFile; fileRef = 7080D709191C0ACD00DC4040 /* XCTest.framework */; };
		7080D70B191C0ACD00DC4040 /* Foundation.framework in Frameworks */ = {isa = PBXBuildFile; fileRef = 7080D6E7191C0ACD00DC4040 /* Foundation.framework */; };
		7080D70C191C0ACD00DC4040 /* UIKit.framework in Frameworks */ = {isa = PBXBuildFile; fileRef = 7080D6EB191C0ACD00DC4040 /* UIKit.framework */; };
		7080D714191C0ACD00DC4040 /* InfoPlist.strings in Resources */ = {isa = PBXBuildFile; fileRef = 7080D712191C0ACD00DC4040 /* InfoPlist.strings */; };
		7080D716191C0ACD00DC4040 /* EspressoLaneTests.m in Sources */ = {isa = PBXBuildFile; fileRef = 7080D715191C0ACD00DC4040 /* EspressoLaneTests.m */; };
		7080D724191C13C500DC4040 /* espresso_logo.png in Resources */ = {isa = PBXBuildFile; fileRef = 7080D723191C13C500DC4040 /* espresso_logo.png */; };
		709DD8C019253BBF00D12220 /* camera_big.png in Resources */ = {isa = PBXBuildFile; fileRef = 709DD8BC19253BBF00D12220 /* camera_big.png */; };
		709DD8C119253BBF00D12220 /* camera_small.png in Resources */ = {isa = PBXBuildFile; fileRef = 709DD8BD19253BBF00D12220 /* camera_small.png */; };
		709DD8C219253BBF00D12220 /* camera_tiny.png in Resources */ = {isa = PBXBuildFile; fileRef = 709DD8BE19253BBF00D12220 /* camera_tiny.png */; };
		709DD8C319253BBF00D12220 /* camera.png in Resources */ = {isa = PBXBuildFile; fileRef = 709DD8BF19253BBF00D12220 /* camera.png */; };
		709E1DFF191C205F005CFA69 /* QuartzCore.framework in Frameworks */ = {isa = PBXBuildFile; fileRef = 709E1DFE191C205F005CFA69 /* QuartzCore.framework */; };
		70F380A7191EC8ED00B054BB /* ELRowView.m in Sources */ = {isa = PBXBuildFile; fileRef = 70F380A6191EC8ED00B054BB /* ELRowView.m */; };
		70F380A9191EC91400B054BB /* ELRowView.xib in Resources */ = {isa = PBXBuildFile; fileRef = 70F380A8191EC91400B054BB /* ELRowView.xib */; };
		70F380AB191ECBAF00B054BB /* border.png in Resources */ = {isa = PBXBuildFile; fileRef = 70F380AA191ECBAF00B054BB /* border.png */; };
/* End PBXBuildFile section */

/* Begin PBXContainerItemProxy section */
		7080D70D191C0ACD00DC4040 /* PBXContainerItemProxy */ = {
			isa = PBXContainerItemProxy;
			containerPortal = 7080D6DC191C0ACD00DC4040 /* Project object */;
			proxyType = 1;
			remoteGlobalIDString = 7080D6E3191C0ACD00DC4040;
			remoteInfo = EspressoLane;
		};
/* End PBXContainerItemProxy section */

/* Begin PBXFileReference section */
		702C913A1920087400DED60B /* ELImagePickerController.h */ = {isa = PBXFileReference; fileEncoding = 4; lastKnownFileType = sourcecode.c.h; path = ELImagePickerController.h; sourceTree = "<group>"; };
		702C913B1920087400DED60B /* ELImagePickerController.m */ = {isa = PBXFileReference; fileEncoding = 4; lastKnownFileType = sourcecode.c.objc; path = ELImagePickerController.m; sourceTree = "<group>"; };
		705CC6CD191F72820076FAC7 /* ELThirdViewController.h */ = {isa = PBXFileReference; fileEncoding = 4; lastKnownFileType = sourcecode.c.h; path = ELThirdViewController.h; sourceTree = "<group>"; };
		705CC6CE191F72820076FAC7 /* ELThirdViewController.m */ = {isa = PBXFileReference; fileEncoding = 4; lastKnownFileType = sourcecode.c.objc; path = ELThirdViewController.m; sourceTree = "<group>"; };
		705CC6D0191F78610076FAC7 /* ELConstants.h */ = {isa = PBXFileReference; fileEncoding = 4; lastKnownFileType = sourcecode.c.h; path = ELConstants.h; sourceTree = "<group>"; };
		705CC6D1191F78610076FAC7 /* ELConstants.m */ = {isa = PBXFileReference; fileEncoding = 4; lastKnownFileType = sourcecode.c.objc; path = ELConstants.m; sourceTree = "<group>"; };
		705CC6D3191F7AF90076FAC7 /* ELFourthViewController.h */ = {isa = PBXFileReference; fileEncoding = 4; lastKnownFileType = sourcecode.c.h; path = ELFourthViewController.h; sourceTree = "<group>"; };
		705CC6D4191F7AF90076FAC7 /* ELFourthViewController.m */ = {isa = PBXFileReference; fileEncoding = 4; lastKnownFileType = sourcecode.c.objc; path = ELFourthViewController.m; sourceTree = "<group>"; };
		705CC6D6191F7DE00076FAC7 /* ELFifthViewController.h */ = {isa = PBXFileReference; fileEncoding = 4; lastKnownFileType = sourcecode.c.h; path = ELFifthViewController.h; sourceTree = "<group>"; };
		705CC6D7191F7DE00076FAC7 /* ELFifthViewController.m */ = {isa = PBXFileReference; fileEncoding = 4; lastKnownFileType = sourcecode.c.objc; path = ELFifthViewController.m; sourceTree = "<group>"; };
		705CC6D9191F7FF80076FAC7 /* ELSeventhViewController.h */ = {isa = PBXFileReference; fileEncoding = 4; lastKnownFileType = sourcecode.c.h; path = ELSeventhViewController.h; sourceTree = "<group>"; };
		705CC6DA191F7FF80076FAC7 /* ELSeventhViewController.m */ = {isa = PBXFileReference; fileEncoding = 4; lastKnownFileType = sourcecode.c.objc; path = ELSeventhViewController.m; sourceTree = "<group>"; };
		705CC6DC191F83610076FAC7 /* ELEighthViewController.h */ = {isa = PBXFileReference; fileEncoding = 4; lastKnownFileType = sourcecode.c.h; path = ELEighthViewController.h; sourceTree = "<group>"; };
		705CC6DD191F83610076FAC7 /* ELEighthViewController.m */ = {isa = PBXFileReference; fileEncoding = 4; lastKnownFileType = sourcecode.c.objc; path = ELEighthViewController.m; sourceTree = "<group>"; };
		705CC6DF191F86BB0076FAC7 /* ELNinthViewController.h */ = {isa = PBXFileReference; fileEncoding = 4; lastKnownFileType = sourcecode.c.h; path = ELNinthViewController.h; sourceTree = "<group>"; };
		705CC6E0191F86BB0076FAC7 /* ELNinthViewController.m */ = {isa = PBXFileReference; fileEncoding = 4; lastKnownFileType = sourcecode.c.objc; path = ELNinthViewController.m; sourceTree = "<group>"; };
		705CC6E2191F88A00076FAC7 /* ELTenthViewController.h */ = {isa = PBXFileReference; fileEncoding = 4; lastKnownFileType = sourcecode.c.h; path = ELTenthViewController.h; sourceTree = "<group>"; };
		705CC6E3191F88A00076FAC7 /* ELTenthViewController.m */ = {isa = PBXFileReference; fileEncoding = 4; lastKnownFileType = sourcecode.c.objc; path = ELTenthViewController.m; sourceTree = "<group>"; };
		705CC6E5191F8A380076FAC7 /* ELEleventhViewController.h */ = {isa = PBXFileReference; fileEncoding = 4; lastKnownFileType = sourcecode.c.h; path = ELEleventhViewController.h; sourceTree = "<group>"; };
		705CC6E6191F8A380076FAC7 /* ELEleventhViewController.m */ = {isa = PBXFileReference; fileEncoding = 4; lastKnownFileType = sourcecode.c.objc; path = ELEleventhViewController.m; sourceTree = "<group>"; };
		705CC6E8191F8BE30076FAC7 /* CustomButton.h */ = {isa = PBXFileReference; fileEncoding = 4; lastKnownFileType = sourcecode.c.h; path = CustomButton.h; sourceTree = "<group>"; };
		705CC6E9191F8BE30076FAC7 /* CustomButton.m */ = {isa = PBXFileReference; fileEncoding = 4; lastKnownFileType = sourcecode.c.objc; path = CustomButton.m; sourceTree = "<group>"; };
		705CC6EB191F8CE90076FAC7 /* ELTwelfthViewController.h */ = {isa = PBXFileReference; fileEncoding = 4; lastKnownFileType = sourcecode.c.h; path = ELTwelfthViewController.h; sourceTree = "<group>"; };
		705CC6EC191F8CE90076FAC7 /* ELTwelfthViewController.m */ = {isa = PBXFileReference; fileEncoding = 4; lastKnownFileType = sourcecode.c.objc; path = ELTwelfthViewController.m; sourceTree = "<group>"; };
		705CC6EE191FA4FC0076FAC7 /* MessageUI.framework */ = {isa = PBXFileReference; lastKnownFileType = wrapper.framework; name = MessageUI.framework; path = System/Library/Frameworks/MessageUI.framework; sourceTree = SDKROOT; };
		7080D6E4191C0ACD00DC4040 /* EspressoLane.app */ = {isa = PBXFileReference; explicitFileType = wrapper.application; includeInIndex = 0; path = EspressoLane.app; sourceTree = BUILT_PRODUCTS_DIR; };
		7080D6E7191C0ACD00DC4040 /* Foundation.framework */ = {isa = PBXFileReference; lastKnownFileType = wrapper.framework; name = Foundation.framework; path = System/Library/Frameworks/Foundation.framework; sourceTree = SDKROOT; };
		7080D6E9191C0ACD00DC4040 /* CoreGraphics.framework */ = {isa = PBXFileReference; lastKnownFileType = wrapper.framework; name = CoreGraphics.framework; path = System/Library/Frameworks/CoreGraphics.framework; sourceTree = SDKROOT; };
		7080D6EB191C0ACD00DC4040 /* UIKit.framework */ = {isa = PBXFileReference; lastKnownFileType = wrapper.framework; name = UIKit.framework; path = System/Library/Frameworks/UIKit.framework; sourceTree = SDKROOT; };
		7080D6EF191C0ACD00DC4040 /* EspressoLane-Info.plist */ = {isa = PBXFileReference; lastKnownFileType = text.plist.xml; path = "EspressoLane-Info.plist"; sourceTree = "<group>"; };
		7080D6F1191C0ACD00DC4040 /* en */ = {isa = PBXFileReference; lastKnownFileType = text.plist.strings; name = en; path = en.lproj/InfoPlist.strings; sourceTree = "<group>"; };
		7080D6F3191C0ACD00DC4040 /* main.m */ = {isa = PBXFileReference; lastKnownFileType = sourcecode.c.objc; path = main.m; sourceTree = "<group>"; };
		7080D6F5191C0ACD00DC4040 /* EspressoLane-Prefix.pch */ = {isa = PBXFileReference; lastKnownFileType = sourcecode.c.h; path = "EspressoLane-Prefix.pch"; sourceTree = "<group>"; };
		7080D6F6191C0ACD00DC4040 /* ELAppDelegate.h */ = {isa = PBXFileReference; lastKnownFileType = sourcecode.c.h; path = ELAppDelegate.h; sourceTree = "<group>"; };
		7080D6F7191C0ACD00DC4040 /* ELAppDelegate.m */ = {isa = PBXFileReference; lastKnownFileType = sourcecode.c.objc; path = ELAppDelegate.m; sourceTree = "<group>"; };
		7080D6FA191C0ACD00DC4040 /* Base */ = {isa = PBXFileReference; lastKnownFileType = file.storyboard; name = Base; path = Base.lproj/Main.storyboard; sourceTree = "<group>"; };
		7080D6FC191C0ACD00DC4040 /* ELFirstViewController.h */ = {isa = PBXFileReference; lastKnownFileType = sourcecode.c.h; path = ELFirstViewController.h; sourceTree = "<group>"; };
		7080D6FD191C0ACD00DC4040 /* ELFirstViewController.m */ = {isa = PBXFileReference; lastKnownFileType = sourcecode.c.objc; path = ELFirstViewController.m; sourceTree = "<group>"; };
		7080D6FF191C0ACD00DC4040 /* ELSecondViewController.h */ = {isa = PBXFileReference; lastKnownFileType = sourcecode.c.h; path = ELSecondViewController.h; sourceTree = "<group>"; };
		7080D700191C0ACD00DC4040 /* ELSecondViewController.m */ = {isa = PBXFileReference; lastKnownFileType = sourcecode.c.objc; path = ELSecondViewController.m; sourceTree = "<group>"; };
		7080D702191C0ACD00DC4040 /* Images.xcassets */ = {isa = PBXFileReference; lastKnownFileType = folder.assetcatalog; path = Images.xcassets; sourceTree = "<group>"; };
		7080D708191C0ACD00DC4040 /* EspressoLaneTests.xctest */ = {isa = PBXFileReference; explicitFileType = wrapper.cfbundle; includeInIndex = 0; path = EspressoLaneTests.xctest; sourceTree = BUILT_PRODUCTS_DIR; };
		7080D709191C0ACD00DC4040 /* XCTest.framework */ = {isa = PBXFileReference; lastKnownFileType = wrapper.framework; name = XCTest.framework; path = Library/Frameworks/XCTest.framework; sourceTree = DEVELOPER_DIR; };
		7080D711191C0ACD00DC4040 /* EspressoLaneTests-Info.plist */ = {isa = PBXFileReference; lastKnownFileType = text.plist.xml; path = "EspressoLaneTests-Info.plist"; sourceTree = "<group>"; };
		7080D713191C0ACD00DC4040 /* en */ = {isa = PBXFileReference; lastKnownFileType = text.plist.strings; name = en; path = en.lproj/InfoPlist.strings; sourceTree = "<group>"; };
		7080D715191C0ACD00DC4040 /* EspressoLaneTests.m */ = {isa = PBXFileReference; lastKnownFileType = sourcecode.c.objc; path = EspressoLaneTests.m; sourceTree = "<group>"; };
		7080D723191C13C500DC4040 /* espresso_logo.png */ = {isa = PBXFileReference; lastKnownFileType = image.png; path = espresso_logo.png; sourceTree = "<group>"; };
		709DD8BC19253BBF00D12220 /* camera_big.png */ = {isa = PBXFileReference; lastKnownFileType = image.png; path = camera_big.png; sourceTree = "<group>"; };
		709DD8BD19253BBF00D12220 /* camera_small.png */ = {isa = PBXFileReference; lastKnownFileType = image.png; path = camera_small.png; sourceTree = "<group>"; };
		709DD8BE19253BBF00D12220 /* camera_tiny.png */ = {isa = PBXFileReference; lastKnownFileType = image.png; path = camera_tiny.png; sourceTree = "<group>"; };
		709DD8BF19253BBF00D12220 /* camera.png */ = {isa = PBXFileReference; lastKnownFileType = image.png; path = camera.png; sourceTree = "<group>"; };
		709E1DFE191C205F005CFA69 /* QuartzCore.framework */ = {isa = PBXFileReference; lastKnownFileType = wrapper.framework; name = QuartzCore.framework; path = System/Library/Frameworks/QuartzCore.framework; sourceTree = SDKROOT; };
		70F380A5191EC8ED00B054BB /* ELRowView.h */ = {isa = PBXFileReference; fileEncoding = 4; lastKnownFileType = sourcecode.c.h; path = ELRowView.h; sourceTree = "<group>"; };
		70F380A6191EC8ED00B054BB /* ELRowView.m */ = {isa = PBXFileReference; fileEncoding = 4; lastKnownFileType = sourcecode.c.objc; path = ELRowView.m; sourceTree = "<group>"; };
		70F380A8191EC91400B054BB /* ELRowView.xib */ = {isa = PBXFileReference; fileEncoding = 4; lastKnownFileType = file.xib; path = ELRowView.xib; sourceTree = "<group>"; };
		70F380AA191ECBAF00B054BB /* border.png */ = {isa = PBXFileReference; lastKnownFileType = image.png; path = border.png; sourceTree = "<group>"; };
/* End PBXFileReference section */

/* Begin PBXFrameworksBuildPhase section */
		7080D6E1191C0ACD00DC4040 /* Frameworks */ = {
			isa = PBXFrameworksBuildPhase;
			buildActionMask = 2147483647;
			files = (
				705CC6EF191FA4FC0076FAC7 /* MessageUI.framework in Frameworks */,
				709E1DFF191C205F005CFA69 /* QuartzCore.framework in Frameworks */,
				7080D6EA191C0ACD00DC4040 /* CoreGraphics.framework in Frameworks */,
				7080D6EC191C0ACD00DC4040 /* UIKit.framework in Frameworks */,
				7080D6E8191C0ACD00DC4040 /* Foundation.framework in Frameworks */,
			);
			runOnlyForDeploymentPostprocessing = 0;
		};
		7080D705191C0ACD00DC4040 /* Frameworks */ = {
			isa = PBXFrameworksBuildPhase;
			buildActionMask = 2147483647;
			files = (
				7080D70A191C0ACD00DC4040 /* XCTest.framework in Frameworks */,
				7080D70C191C0ACD00DC4040 /* UIKit.framework in Frameworks */,
				7080D70B191C0ACD00DC4040 /* Foundation.framework in Frameworks */,
			);
			runOnlyForDeploymentPostprocessing = 0;
		};
/* End PBXFrameworksBuildPhase section */

/* Begin PBXGroup section */
		7080D6DB191C0ACD00DC4040 = {
			isa = PBXGroup;
			children = (
				702C913A1920087400DED60B /* ELImagePickerController.h */,
				702C913B1920087400DED60B /* ELImagePickerController.m */,
				7080D6ED191C0ACD00DC4040 /* EspressoLane */,
				7080D70F191C0ACD00DC4040 /* EspressoLaneTests */,
				7080D6E6191C0ACD00DC4040 /* Frameworks */,
				7080D6E5191C0ACD00DC4040 /* Products */,
			);
			sourceTree = "<group>";
		};
		7080D6E5191C0ACD00DC4040 /* Products */ = {
			isa = PBXGroup;
			children = (
				7080D6E4191C0ACD00DC4040 /* EspressoLane.app */,
				7080D708191C0ACD00DC4040 /* EspressoLaneTests.xctest */,
			);
			name = Products;
			sourceTree = "<group>";
		};
		7080D6E6191C0ACD00DC4040 /* Frameworks */ = {
			isa = PBXGroup;
			children = (
				705CC6EE191FA4FC0076FAC7 /* MessageUI.framework */,
				709E1DFE191C205F005CFA69 /* QuartzCore.framework */,
				7080D6E7191C0ACD00DC4040 /* Foundation.framework */,
				7080D6E9191C0ACD00DC4040 /* CoreGraphics.framework */,
				7080D6EB191C0ACD00DC4040 /* UIKit.framework */,
				7080D709191C0ACD00DC4040 /* XCTest.framework */,
			);
			name = Frameworks;
			sourceTree = "<group>";
		};
		7080D6ED191C0ACD00DC4040 /* EspressoLane */ = {
			isa = PBXGroup;
			children = (
				7080D720191C139700DC4040 /* Resources */,
				7080D6F6191C0ACD00DC4040 /* ELAppDelegate.h */,
				7080D6F7191C0ACD00DC4040 /* ELAppDelegate.m */,
				7080D6F9191C0ACD00DC4040 /* Main.storyboard */,
				705CC6EB191F8CE90076FAC7 /* ELTwelfthViewController.h */,
				705CC6EC191F8CE90076FAC7 /* ELTwelfthViewController.m */,
				705CC6E5191F8A380076FAC7 /* ELEleventhViewController.h */,
				705CC6E6191F8A380076FAC7 /* ELEleventhViewController.m */,
				705CC6E2191F88A00076FAC7 /* ELTenthViewController.h */,
				705CC6E3191F88A00076FAC7 /* ELTenthViewController.m */,
				705CC6DF191F86BB0076FAC7 /* ELNinthViewController.h */,
				705CC6E0191F86BB0076FAC7 /* ELNinthViewController.m */,
				705CC6DC191F83610076FAC7 /* ELEighthViewController.h */,
				705CC6DD191F83610076FAC7 /* ELEighthViewController.m */,
				705CC6D9191F7FF80076FAC7 /* ELSeventhViewController.h */,
				705CC6DA191F7FF80076FAC7 /* ELSeventhViewController.m */,
				705CC6D6191F7DE00076FAC7 /* ELFifthViewController.h */,
				705CC6D7191F7DE00076FAC7 /* ELFifthViewController.m */,
				705CC6CD191F72820076FAC7 /* ELThirdViewController.h */,
				705CC6CE191F72820076FAC7 /* ELThirdViewController.m */,
				7080D6FC191C0ACD00DC4040 /* ELFirstViewController.h */,
				7080D6FD191C0ACD00DC4040 /* ELFirstViewController.m */,
				705CC6D3191F7AF90076FAC7 /* ELFourthViewController.h */,
				705CC6D4191F7AF90076FAC7 /* ELFourthViewController.m */,
				70F380A5191EC8ED00B054BB /* ELRowView.h */,
				70F380A6191EC8ED00B054BB /* ELRowView.m */,
				70F380A8191EC91400B054BB /* ELRowView.xib */,
				70F380AA191ECBAF00B054BB /* border.png */,
				7080D6FF191C0ACD00DC4040 /* ELSecondViewController.h */,
				7080D700191C0ACD00DC4040 /* ELSecondViewController.m */,
				7080D702191C0ACD00DC4040 /* Images.xcassets */,
				7080D6EE191C0ACD00DC4040 /* Supporting Files */,
				705CC6D0191F78610076FAC7 /* ELConstants.h */,
				705CC6D1191F78610076FAC7 /* ELConstants.m */,
				705CC6E8191F8BE30076FAC7 /* CustomButton.h */,
				705CC6E9191F8BE30076FAC7 /* CustomButton.m */,
			);
			path = EspressoLane;
			sourceTree = "<group>";
		};
		7080D6EE191C0ACD00DC4040 /* Supporting Files */ = {
			isa = PBXGroup;
			children = (
				7080D6EF191C0ACD00DC4040 /* EspressoLane-Info.plist */,
				7080D6F0191C0ACD00DC4040 /* InfoPlist.strings */,
				7080D6F3191C0ACD00DC4040 /* main.m */,
				7080D6F5191C0ACD00DC4040 /* EspressoLane-Prefix.pch */,
			);
			name = "Supporting Files";
			sourceTree = "<group>";
		};
		7080D70F191C0ACD00DC4040 /* EspressoLaneTests */ = {
			isa = PBXGroup;
			children = (
				7080D715191C0ACD00DC4040 /* EspressoLaneTests.m */,
				7080D710191C0ACD00DC4040 /* Supporting Files */,
			);
			path = EspressoLaneTests;
			sourceTree = "<group>";
		};
		7080D710191C0ACD00DC4040 /* Supporting Files */ = {
			isa = PBXGroup;
			children = (
				7080D711191C0ACD00DC4040 /* EspressoLaneTests-Info.plist */,
				7080D712191C0ACD00DC4040 /* InfoPlist.strings */,
			);
			name = "Supporting Files";
			sourceTree = "<group>";
		};
		7080D720191C139700DC4040 /* Resources */ = {
			isa = PBXGroup;
			children = (
				709DD8BC19253BBF00D12220 /* camera_big.png */,
				709DD8BD19253BBF00D12220 /* camera_small.png */,
				709DD8BE19253BBF00D12220 /* camera_tiny.png */,
				709DD8BF19253BBF00D12220 /* camera.png */,
				7080D723191C13C500DC4040 /* espresso_logo.png */,
			);
			path = Resources;
			sourceTree = "<group>";
		};
/* End PBXGroup section */

/* Begin PBXNativeTarget section */
		7080D6E3191C0ACD00DC4040 /* EspressoLane */ = {
			isa = PBXNativeTarget;
			buildConfigurationList = 7080D719191C0ACD00DC4040 /* Build configuration list for PBXNativeTarget "EspressoLane" */;
			buildPhases = (
				7080D6E0191C0ACD00DC4040 /* Sources */,
				7080D6E1191C0ACD00DC4040 /* Frameworks */,
				7080D6E2191C0ACD00DC4040 /* Resources */,
			);
			buildRules = (
			);
			dependencies = (
			);
			name = EspressoLane;
			productName = EspressoLane;
			productReference = 7080D6E4191C0ACD00DC4040 /* EspressoLane.app */;
			productType = "com.apple.product-type.application";
		};
		7080D707191C0ACD00DC4040 /* EspressoLaneTests */ = {
			isa = PBXNativeTarget;
			buildConfigurationList = 7080D71C191C0ACD00DC4040 /* Build configuration list for PBXNativeTarget "EspressoLaneTests" */;
			buildPhases = (
				7080D704191C0ACD00DC4040 /* Sources */,
				7080D705191C0ACD00DC4040 /* Frameworks */,
				7080D706191C0ACD00DC4040 /* Resources */,
			);
			buildRules = (
			);
			dependencies = (
				7080D70E191C0ACD00DC4040 /* PBXTargetDependency */,
			);
			name = EspressoLaneTests;
			productName = EspressoLaneTests;
			productReference = 7080D708191C0ACD00DC4040 /* EspressoLaneTests.xctest */;
			productType = "com.apple.product-type.bundle.unit-test";
		};
/* End PBXNativeTarget section */

/* Begin PBXProject section */
		7080D6DC191C0ACD00DC4040 /* Project object */ = {
			isa = PBXProject;
			attributes = {
				CLASSPREFIX = EL;
				LastUpgradeCheck = 0510;
				ORGANIZATIONNAME = abu;
				TargetAttributes = {
					7080D707191C0ACD00DC4040 = {
						TestTargetID = 7080D6E3191C0ACD00DC4040;
					};
				};
			};
			buildConfigurationList = 7080D6DF191C0ACD00DC4040 /* Build configuration list for PBXProject "EspressoLane" */;
			compatibilityVersion = "Xcode 3.2";
			developmentRegion = English;
			hasScannedForEncodings = 0;
			knownRegions = (
				en,
				Base,
			);
			mainGroup = 7080D6DB191C0ACD00DC4040;
			productRefGroup = 7080D6E5191C0ACD00DC4040 /* Products */;
			projectDirPath = "";
			projectRoot = "";
			targets = (
				7080D6E3191C0ACD00DC4040 /* EspressoLane */,
				7080D707191C0ACD00DC4040 /* EspressoLaneTests */,
			);
		};
/* End PBXProject section */

/* Begin PBXResourcesBuildPhase section */
		7080D6E2191C0ACD00DC4040 /* Resources */ = {
			isa = PBXResourcesBuildPhase;
			buildActionMask = 2147483647;
			files = (
				7080D724191C13C500DC4040 /* espresso_logo.png in Resources */,
				70F380AB191ECBAF00B054BB /* border.png in Resources */,
				70F380A9191EC91400B054BB /* ELRowView.xib in Resources */,
				709DD8C019253BBF00D12220 /* camera_big.png in Resources */,
				709DD8C319253BBF00D12220 /* camera.png in Resources */,
				709DD8C119253BBF00D12220 /* camera_small.png in Resources */,
				7080D703191C0ACD00DC4040 /* Images.xcassets in Resources */,
				7080D6F2191C0ACD00DC4040 /* InfoPlist.strings in Resources */,
				7080D6FB191C0ACD00DC4040 /* Main.storyboard in Resources */,
				709DD8C219253BBF00D12220 /* camera_tiny.png in Resources */,
			);
			runOnlyForDeploymentPostprocessing = 0;
		};
		7080D706191C0ACD00DC4040 /* Resources */ = {
			isa = PBXResourcesBuildPhase;
			buildActionMask = 2147483647;
			files = (
				7080D714191C0ACD00DC4040 /* InfoPlist.strings in Resources */,
			);
			runOnlyForDeploymentPostprocessing = 0;
		};
/* End PBXResourcesBuildPhase section */

/* Begin PBXSourcesBuildPhase section */
		7080D6E0191C0ACD00DC4040 /* Sources */ = {
			isa = PBXSourcesBuildPhase;
			buildActionMask = 2147483647;
			files = (
				705CC6E7191F8A380076FAC7 /* ELEleventhViewController.m in Sources */,
				705CC6D2191F78610076FAC7 /* ELConstants.m in Sources */,
				702C913C1920087400DED60B /* ELImagePickerController.m in Sources */,
				705CC6ED191F8CE90076FAC7 /* ELTwelfthViewController.m in Sources */,
				7080D6F4191C0ACD00DC4040 /* main.m in Sources */,
				70F380A7191EC8ED00B054BB /* ELRowView.m in Sources */,
				705CC6D5191F7AF90076FAC7 /* ELFourthViewController.m in Sources */,
				7080D6FE191C0ACD00DC4040 /* ELFirstViewController.m in Sources */,
				705CC6EA191F8BE30076FAC7 /* CustomButton.m in Sources */,
				705CC6DB191F7FF80076FAC7 /* ELSeventhViewController.m in Sources */,
				705CC6CF191F72820076FAC7 /* ELThirdViewController.m in Sources */,
				705CC6E1191F86BB0076FAC7 /* ELNinthViewController.m in Sources */,
				705CC6D8191F7DE00076FAC7 /* ELFifthViewController.m in Sources */,
				7080D6F8191C0ACD00DC4040 /* ELAppDelegate.m in Sources */,
				7080D701191C0ACD00DC4040 /* ELSecondViewController.m in Sources */,
				705CC6DE191F83610076FAC7 /* ELEighthViewController.m in Sources */,
				705CC6E4191F88A00076FAC7 /* ELTenthViewController.m in Sources */,
			);
			runOnlyForDeploymentPostprocessing = 0;
		};
		7080D704191C0ACD00DC4040 /* Sources */ = {
			isa = PBXSourcesBuildPhase;
			buildActionMask = 2147483647;
			files = (
				7080D716191C0ACD00DC4040 /* EspressoLaneTests.m in Sources */,
			);
			runOnlyForDeploymentPostprocessing = 0;
		};
/* End PBXSourcesBuildPhase section */

/* Begin PBXTargetDependency section */
		7080D70E191C0ACD00DC4040 /* PBXTargetDependency */ = {
			isa = PBXTargetDependency;
			target = 7080D6E3191C0ACD00DC4040 /* EspressoLane */;
			targetProxy = 7080D70D191C0ACD00DC4040 /* PBXContainerItemProxy */;
		};
/* End PBXTargetDependency section */

/* Begin PBXVariantGroup section */
		7080D6F0191C0ACD00DC4040 /* InfoPlist.strings */ = {
			isa = PBXVariantGroup;
			children = (
				7080D6F1191C0ACD00DC4040 /* en */,
			);
			name = InfoPlist.strings;
			sourceTree = "<group>";
		};
		7080D6F9191C0ACD00DC4040 /* Main.storyboard */ = {
			isa = PBXVariantGroup;
			children = (
				7080D6FA191C0ACD00DC4040 /* Base */,
			);
			name = Main.storyboard;
			sourceTree = "<group>";
		};
		7080D712191C0ACD00DC4040 /* InfoPlist.strings */ = {
			isa = PBXVariantGroup;
			children = (
				7080D713191C0ACD00DC4040 /* en */,
			);
			name = InfoPlist.strings;
			sourceTree = "<group>";
		};
/* End PBXVariantGroup section */

/* Begin XCBuildConfiguration section */
		7080D717191C0ACD00DC4040 /* Debug */ = {
			isa = XCBuildConfiguration;
			buildSettings = {
				ALWAYS_SEARCH_USER_PATHS = NO;
				CLANG_CXX_LANGUAGE_STANDARD = "gnu++0x";
				CLANG_CXX_LIBRARY = "libc++";
				CLANG_ENABLE_MODULES = YES;
				CLANG_ENABLE_OBJC_ARC = YES;
				CLANG_WARN_BOOL_CONVERSION = YES;
				CLANG_WARN_CONSTANT_CONVERSION = YES;
				CLANG_WARN_DIRECT_OBJC_ISA_USAGE = YES_ERROR;
				CLANG_WARN_EMPTY_BODY = YES;
				CLANG_WARN_ENUM_CONVERSION = YES;
				CLANG_WARN_INT_CONVERSION = YES;
				CLANG_WARN_OBJC_ROOT_CLASS = YES_ERROR;
				CLANG_WARN__DUPLICATE_METHOD_MATCH = YES;
				"CODE_SIGN_IDENTITY[sdk=iphoneos*]" = "iPhone Developer";
				COPY_PHASE_STRIP = NO;
				GCC_C_LANGUAGE_STANDARD = gnu99;
				GCC_DYNAMIC_NO_PIC = NO;
				GCC_OPTIMIZATION_LEVEL = 0;
				GCC_PREPROCESSOR_DEFINITIONS = (
					"DEBUG=1",
					"$(inherited)",
				);
				GCC_SYMBOLS_PRIVATE_EXTERN = NO;
				GCC_WARN_64_TO_32_BIT_CONVERSION = YES;
				GCC_WARN_ABOUT_RETURN_TYPE = YES_ERROR;
				GCC_WARN_UNDECLARED_SELECTOR = YES;
				GCC_WARN_UNINITIALIZED_AUTOS = YES_AGGRESSIVE;
				GCC_WARN_UNUSED_FUNCTION = YES;
				GCC_WARN_UNUSED_VARIABLE = YES;
				IPHONEOS_DEPLOYMENT_TARGET = 7.1;
				ONLY_ACTIVE_ARCH = YES;
				SDKROOT = iphoneos;
				TARGETED_DEVICE_FAMILY = 2;
			};
			name = Debug;
		};
		7080D718191C0ACD00DC4040 /* Release */ = {
			isa = XCBuildConfiguration;
			buildSettings = {
				ALWAYS_SEARCH_USER_PATHS = NO;
				CLANG_CXX_LANGUAGE_STANDARD = "gnu++0x";
				CLANG_CXX_LIBRARY = "libc++";
				CLANG_ENABLE_MODULES = YES;
				CLANG_ENABLE_OBJC_ARC = YES;
				CLANG_WARN_BOOL_CONVERSION = YES;
				CLANG_WARN_CONSTANT_CONVERSION = YES;
				CLANG_WARN_DIRECT_OBJC_ISA_USAGE = YES_ERROR;
				CLANG_WARN_EMPTY_BODY = YES;
				CLANG_WARN_ENUM_CONVERSION = YES;
				CLANG_WARN_INT_CONVERSION = YES;
				CLANG_WARN_OBJC_ROOT_CLASS = YES_ERROR;
				CLANG_WARN__DUPLICATE_METHOD_MATCH = YES;
				"CODE_SIGN_IDENTITY[sdk=iphoneos*]" = "iPhone Developer";
				COPY_PHASE_STRIP = YES;
				ENABLE_NS_ASSERTIONS = NO;
				GCC_C_LANGUAGE_STANDARD = gnu99;
				GCC_WARN_64_TO_32_BIT_CONVERSION = YES;
				GCC_WARN_ABOUT_RETURN_TYPE = YES_ERROR;
				GCC_WARN_UNDECLARED_SELECTOR = YES;
				GCC_WARN_UNINITIALIZED_AUTOS = YES_AGGRESSIVE;
				GCC_WARN_UNUSED_FUNCTION = YES;
				GCC_WARN_UNUSED_VARIABLE = YES;
				IPHONEOS_DEPLOYMENT_TARGET = 7.1;
				SDKROOT = iphoneos;
				TARGETED_DEVICE_FAMILY = 2;
				VALIDATE_PRODUCT = YES;
			};
			name = Release;
		};
		7080D71A191C0ACD00DC4040 /* Debug */ = {
			isa = XCBuildConfiguration;
			buildSettings = {
				ASSETCATALOG_COMPILER_APPICON_NAME = AppIcon;
				ASSETCATALOG_COMPILER_LAUNCHIMAGE_NAME = LaunchImage;
				GCC_PRECOMPILE_PREFIX_HEADER = YES;
				GCC_PREFIX_HEADER = "EspressoLane/EspressoLane-Prefix.pch";
				INFOPLIST_FILE = "EspressoLane/EspressoLane-Info.plist";
				PRODUCT_NAME = "$(TARGET_NAME)";
				WRAPPER_EXTENSION = app;
			};
			name = Debug;
		};
		7080D71B191C0ACD00DC4040 /* Release */ = {
			isa = XCBuildConfiguration;
			buildSettings = {
				ASSETCATALOG_COMPILER_APPICON_NAME = AppIcon;
				ASSETCATALOG_COMPILER_LAUNCHIMAGE_NAME = LaunchImage;
				GCC_PRECOMPILE_PREFIX_HEADER = YES;
				GCC_PREFIX_HEADER = "EspressoLane/EspressoLane-Prefix.pch";
				INFOPLIST_FILE = "EspressoLane/EspressoLane-Info.plist";
				PRODUCT_NAME = "$(TARGET_NAME)";
				WRAPPER_EXTENSION = app;
			};
			name = Release;
		};
		7080D71D191C0ACD00DC4040 /* Debug */ = {
			isa = XCBuildConfiguration;
			buildSettings = {
				BUNDLE_LOADER = "$(BUILT_PRODUCTS_DIR)/EspressoLane.app/EspressoLane";
				FRAMEWORK_SEARCH_PATHS = (
					"$(SDKROOT)/Developer/Library/Frameworks",
					"$(inherited)",
					"$(DEVELOPER_FRAMEWORKS_DIR)",
				);
				GCC_PRECOMPILE_PREFIX_HEADER = YES;
				GCC_PREFIX_HEADER = "EspressoLane/EspressoLane-Prefix.pch";
				GCC_PREPROCESSOR_DEFINITIONS = (
					"DEBUG=1",
					"$(inherited)",
				);
				INFOPLIST_FILE = "EspressoLaneTests/EspressoLaneTests-Info.plist";
				PRODUCT_NAME = "$(TARGET_NAME)";
				TEST_HOST = "$(BUNDLE_LOADER)";
				WRAPPER_EXTENSION = xctest;
			};
			name = Debug;
		};
		7080D71E191C0ACD00DC4040 /* Release */ = {
			isa = XCBuildConfiguration;
			buildSettings = {
				BUNDLE_LOADER = "$(BUILT_PRODUCTS_DIR)/EspressoLane.app/EspressoLane";
				FRAMEWORK_SEARCH_PATHS = (
					"$(SDKROOT)/Developer/Library/Frameworks",
					"$(inherited)",
					"$(DEVELOPER_FRAMEWORKS_DIR)",
				);
				GCC_PRECOMPILE_PREFIX_HEADER = YES;
				GCC_PREFIX_HEADER = "EspressoLane/EspressoLane-Prefix.pch";
				INFOPLIST_FILE = "EspressoLaneTests/EspressoLaneTests-Info.plist";
				PRODUCT_NAME = "$(TARGET_NAME)";
				TEST_HOST = "$(BUNDLE_LOADER)";
				WRAPPER_EXTENSION = xctest;
			};
			name = Release;
		};
/* End XCBuildConfiguration section */

/* Begin XCConfigurationList section */
		7080D6DF191C0ACD00DC4040 /* Build configuration list for PBXProject "EspressoLane" */ = {
			isa = XCConfigurationList;
			buildConfigurations = (
				7080D717191C0ACD00DC4040 /* Debug */,
				7080D718191C0ACD00DC4040 /* Release */,
			);
			defaultConfigurationIsVisible = 0;
			defaultConfigurationName = Release;
		};
		7080D719191C0ACD00DC4040 /* Build configuration list for PBXNativeTarget "EspressoLane" */ = {
			isa = XCConfigurationList;
			buildConfigurations = (
				7080D71A191C0ACD00DC4040 /* Debug */,
				7080D71B191C0ACD00DC4040 /* Release */,
			);
			defaultConfigurationIsVisible = 0;
			defaultConfigurationName = Release;
		};
		7080D71C191C0ACD00DC4040 /* Build configuration list for PBXNativeTarget "EspressoLaneTests" */ = {
			isa = XCConfigurationList;
			buildConfigurations = (
				7080D71D191C0ACD00DC4040 /* Debug */,
				7080D71E191C0ACD00DC4040 /* Release */,
			);
			defaultConfigurationIsVisible = 0;
			defaultConfigurationName = Release;
		};
/* End XCConfigurationList section */
	};
	rootObject = 7080D6DC191C0ACD00DC4040 /* Project object */;
}
